version = 1
revision = 3
requires-python = ">=3.12"

[[package]]
name = "bme680"
version = "2.0.0"
source = { registry = "https://pypi.org/simple" }
dependencies = [
    { name = "smbus2" },
]
sdist = { url = "https://files.pythonhosted.org/packages/4b/92/8ac453cac43f019387259a01e0f4e13c5917cc0925f077a32e308522a9ca/bme680-2.0.0.tar.gz", hash = "sha256:7395afd9bc95fc3d643cc873ad2f5c27d3c2d18ccf4771505124e0e2042c0d74", size = 80399, upload-time = "2024-05-10T10:51:39.584Z" }
wheels = [
    { url = "https://files.pythonhosted.org/packages/3a/19/8c926497c8be9fc65bbd09d3ab44cb5f78219defc5dbb57d606dd5e39444/bme680-2.0.0-py3-none-any.whl", hash = "sha256:1802bd5ba98354ebb9318185051c913e1a3c2f06771e8f91eb40e5838795e66e", size = 14360, upload-time = "2024-05-10T10:51:37.678Z" },
]

[[package]]
name = "paho-mqtt"
version = "2.1.0"
source = { registry = "https://pypi.org/simple" }
sdist = { url = "https://files.pythonhosted.org/packages/39/15/0a6214e76d4d32e7f663b109cf71fb22561c2be0f701d67f93950cd40542/paho_mqtt-2.1.0.tar.gz", hash = "sha256:12d6e7511d4137555a3f6ea167ae846af2c7357b10bc6fa4f7c3968fc1723834", size = 148848, upload-time = "2024-04-29T19:52:55.591Z" }
wheels = [
    { url = "https://files.pythonhosted.org/packages/c4/cb/00451c3cf31790287768bb12c6bec834f5d292eaf3022afc88e14b8afc94/paho_mqtt-2.1.0-py3-none-any.whl", hash = "sha256:6db9ba9b34ed5bc6b6e3812718c7e06e2fd7444540df2455d2c51bd58808feee", size = 67219, upload-time = "2024-04-29T19:52:48.345Z" },
]

[[package]]
name = "smbus2"
version = "0.6.0"
source = { registry = "https://pypi.org/simple" }
sdist = { url = "https://files.pythonhosted.org/packages/4e/36/afafd43770caae69f04e21402552a8f94a072def46a002fab9357f4852ce/smbus2-0.6.0.tar.gz", hash = "sha256:9b5ff1e998e114730f9dfe0c4babbef06c92468cfb61eaa684e30f225661b95b", size = 17403, upload-time = "2025-12-20T09:02:52.017Z" }
wheels = [
    { url = "https://files.pythonhosted.org/packages/a5/cf/2e1d6805da6f9c9b3a4358076ff2e072d828ba7fed124edc1b729e210c55/smbus2-0.6.0-py2.py3-none-any.whl", hash = "sha256:03d83d2a9a4afc5ddca0698ccabf101cb3de52bc5aefd7b76778ffb27ff654e0", size = 11849, upload-time = "2025-12-20T09:02:51.219Z" },
]

[[package]]
name = "weatherclock"
version = "1.1.0"
source = { virtual = "." }
dependencies = [
    { name = "bme680" },
    { name = "paho-mqtt" },
]

[package.metadata]
requires-dist = [
    { name = "bme680", specifier = ">=2.0.0" },
    { name = "paho-mqtt", specifier = ">=2.1.0" },
]
